
Microsoft Visual Studio Solution File, Format Version 12.00
# Visual Studio Version 17
VisualStudioVersion = 17.8.34330.188
MinimumVisualStudioVersion = 10.0.40219.1
Project("{FAE04EC0-301F-11D3-BF4B-00C04F79EFBC}") = "MeasurementDataTracker", "MeasurementDataTracker\MeasurementDataTracker.csproj", "{6340E744-C18D-4516-901B-AE3456CE8808}"
EndProject
Global
	GlobalSection(SolutionConfigurationPlatforms) = preSolution
		Debug|Any CPU = Debug|Any CPU
		Release|Any CPU = Release|Any CPU
	EndGlobalSection
	GlobalSection(ProjectConfigurationPlatforms) = postSolution
		{6340E744-C18D-4516-901B-AE3456CE8808}.Debug|Any CPU.ActiveCfg = Debug|Any CPU
		{6340E744-C18D-4516-901B-AE3456CE8808}.Debug|Any CPU.Build.0 = Debug|Any CPU
		{6340E744-C18D-4516-901B-AE3456CE8808}.Release|Any CPU.ActiveCfg = Release|Any CPU
		{6340E744-C18D-4516-901B-AE3456CE8808}.Release|Any CPU.Build.0 = Release|Any CPU
	EndGlobalSection
	GlobalSection(SolutionProperties) = preSolution
		HideSolutionNode = FALSE
	EndGlobalSection
	GlobalSection(ExtensibilityGlobals) = postSolution
		SolutionGuid = {1E21C811-8D17-4507-9303-8F67180A2651}
	EndGlobalSection
EndGlobal
